
Microsoft Visual Studio Solution File, Format Version 12.00
Project("{FAE04EC0-301F-11D3-BF4B-00C04F79EFBC}") = "LunarLensBackend", "LunarLensBackend\LunarLensBackend.csproj", "{B8C717CD-8C3A-4BE4-B19C-9B4A8DC23851}"
EndProject
Project("{FAE04EC0-301F-11D3-BF4B-00C04F79EFBC}") = "LunarLensBackend.Tests", "LunarLensBackend.Tests\LunarLensBackend.Tests.csproj", "{5A4DB66A-616D-4C9F-A902-91580C265010}"
EndProject
Global
	GlobalSection(SolutionConfigurationPlatforms) = preSolution
		Debug|Any CPU = Debug|Any CPU
		Release|Any CPU = Release|Any CPU
	EndGlobalSection
	GlobalSection(ProjectConfigurationPlatforms) = postSolution
		{B8C717CD-8C3A-4BE4-B19C-9B4A8DC23851}.Debug|Any CPU.ActiveCfg = Debug|Any CPU
		{B8C717CD-8C3A-4BE4-B19C-9B4A8DC23851}.Debug|Any CPU.Build.0 = Debug|Any CPU
		{B8C717CD-8C3A-4BE4-B19C-9B4A8DC23851}.Release|Any CPU.ActiveCfg = Release|Any CPU
		{B8C717CD-8C3A-4BE4-B19C-9B4A8DC23851}.Release|Any CPU.Build.0 = Release|Any CPU
		{5A4DB66A-616D-4C9F-A902-91580C265010}.Debug|Any CPU.ActiveCfg = Debug|Any CPU
		{5A4DB66A-616D-4C9F-A902-91580C265010}.Debug|Any CPU.Build.0 = Debug|Any CPU
		{5A4DB66A-616D-4C9F-A902-91580C265010}.Release|Any CPU.ActiveCfg = Release|Any CPU
		{5A4DB66A-616D-4C9F-A902-91580C265010}.Release|Any CPU.Build.0 = Release|Any CPU
	EndGlobalSection
EndGlobal
